// !$*UTF8*$!
{
	archiveVersion = 1;
	classes = {
	};
	objectVersion = 55;
	objects = {

/* Begin PBXBuildFile section */
		F204BB5128BF432400936A62 /* Network.swift in Sources */ = {isa = PBXBuildFile; fileRef = F204BB5028BF432400936A62 /* Network.swift */; };
		F204BB5B28BF4E7400936A62 /* NetworkEndpoint.swift in Sources */ = {isa = PBXBuildFile; fileRef = F204BB5A28BF4E7400936A62 /* NetworkEndpoint.swift */; };
		F204BB5D28BF61CC00936A62 /* RequestError.swift in Sources */ = {isa = PBXBuildFile; fileRef = F204BB5C28BF61CC00936A62 /* RequestError.swift */; };
		F22612A6292CB2C400B6F23F /* BasketViewController.swift in Sources */ = {isa = PBXBuildFile; fileRef = F22612A5292CB2C400B6F23F /* BasketViewController.swift */; };
		F22612A8292CB2D900B6F23F /* BasketView.swift in Sources */ = {isa = PBXBuildFile; fileRef = F22612A7292CB2D900B6F23F /* BasketView.swift */; };
		F22612AA292CB2EA00B6F23F /* BasketInteractor.swift in Sources */ = {isa = PBXBuildFile; fileRef = F22612A9292CB2EA00B6F23F /* BasketInteractor.swift */; };
		F22612AC292CB2F800B6F23F /* BasketPresenter.swift in Sources */ = {isa = PBXBuildFile; fileRef = F22612AB292CB2F800B6F23F /* BasketPresenter.swift */; };
		F22612AE292CB30500B6F23F /* BasketRouter.swift in Sources */ = {isa = PBXBuildFile; fileRef = F22612AD292CB30500B6F23F /* BasketRouter.swift */; };
		F22612B1292CC54000B6F23F /* BasketViewCell.swift in Sources */ = {isa = PBXBuildFile; fileRef = F22612B0292CC54000B6F23F /* BasketViewCell.swift */; };
		F22612B3292CF64D00B6F23F /* QtView.swift in Sources */ = {isa = PBXBuildFile; fileRef = F22612B2292CF64D00B6F23F /* QtView.swift */; };
		F23A6B65291517FB00C146DB /* AppLabelView.swift in Sources */ = {isa = PBXBuildFile; fileRef = F23A6B64291517FB00C146DB /* AppLabelView.swift */; };
		F23D98B3292EBB780051C56D /* Int.swift in Sources */ = {isa = PBXBuildFile; fileRef = F23D98B2292EBB780051C56D /* Int.swift */; };
		F23D98B6292EC03F0051C56D /* PaymentMockViewController.swift in Sources */ = {isa = PBXBuildFile; fileRef = F23D98B5292EC03F0051C56D /* PaymentMockViewController.swift */; };
		F23EB26F28D33DF300392421 /* BasketService.swift in Sources */ = {isa = PBXBuildFile; fileRef = F23EB26E28D33DF300392421 /* BasketService.swift */; };
		F23EB27228D33EEE00392421 /* ResponseBasketModel.swift in Sources */ = {isa = PBXBuildFile; fileRef = F23EB27128D33EEE00392421 /* ResponseBasketModel.swift */; };
		F241E5E129202C3900709F7A /* LoadingView.swift in Sources */ = {isa = PBXBuildFile; fileRef = F241E5E029202C3900709F7A /* LoadingView.swift */; };
		F244AF1C28D0798800A6ED96 /* ResponseReviewsProductModel.swift in Sources */ = {isa = PBXBuildFile; fileRef = F244AF1B28D0798800A6ED96 /* ResponseReviewsProductModel.swift */; };
		F244AF1E28D079A300A6ED96 /* ResponseReviewModel.swift in Sources */ = {isa = PBXBuildFile; fileRef = F244AF1D28D079A300A6ED96 /* ResponseReviewModel.swift */; };
		F244AF2028D083D300A6ED96 /* ReviewsProductService.swift in Sources */ = {isa = PBXBuildFile; fileRef = F244AF1F28D083D300A6ED96 /* ReviewsProductService.swift */; };
		F244AF2228D08CD100A6ED96 /* RequestAddReview.swift in Sources */ = {isa = PBXBuildFile; fileRef = F244AF2128D08CD100A6ED96 /* RequestAddReview.swift */; };
		F246FCA629112D8A00476A0F /* SignUpViewController.swift in Sources */ = {isa = PBXBuildFile; fileRef = F246FCA529112D8A00476A0F /* SignUpViewController.swift */; };
		F246FCA8291131EA00476A0F /* SignUpRouter.swift in Sources */ = {isa = PBXBuildFile; fileRef = F246FCA7291131EA00476A0F /* SignUpRouter.swift */; };
		F246FCAA2911321200476A0F /* SignUpInteractor.swift in Sources */ = {isa = PBXBuildFile; fileRef = F246FCA92911321200476A0F /* SignUpInteractor.swift */; };
		F246FCAC2911324D00476A0F /* SignUpPresenter.swift in Sources */ = {isa = PBXBuildFile; fileRef = F246FCAB2911324D00476A0F /* SignUpPresenter.swift */; };
		F246FCAE291159B300476A0F /* AppTextView.swift in Sources */ = {isa = PBXBuildFile; fileRef = F246FCAD291159B300476A0F /* AppTextView.swift */; };
		F246FCB02911710600476A0F /* AppDataScreen.swift in Sources */ = {isa = PBXBuildFile; fileRef = F246FCAF2911710600476A0F /* AppDataScreen.swift */; };
		F24C7B91292FA3450055BA38 /* GoogleService-Info.plist in Resources */ = {isa = PBXBuildFile; fileRef = F24C7B90292FA3450055BA38 /* GoogleService-Info.plist */; };
		F253C6EF28CC915500F86E82 /* NetworkErrorModel.swift in Sources */ = {isa = PBXBuildFile; fileRef = F253C6EE28CC915500F86E82 /* NetworkErrorModel.swift */; };
		F256DA44292A974E00F3EEF2 /* shopUITestsLaunchTests.swift in Sources */ = {isa = PBXBuildFile; fileRef = F256DA43292A974E00F3EEF2 /* shopUITestsLaunchTests.swift */; };
		F258284B2917C17D0070A694 /* String.swift in Sources */ = {isa = PBXBuildFile; fileRef = F258284A2917C17D0070A694 /* String.swift */; };
		F259296A28C5DFC60075E881 /* ResponseMessageModel.swift in Sources */ = {isa = PBXBuildFile; fileRef = F259296928C5DFC60075E881 /* ResponseMessageModel.swift */; };
		F259296C28C5E0040075E881 /* LogoutService.swift in Sources */ = {isa = PBXBuildFile; fileRef = F259296B28C5E0040075E881 /* LogoutService.swift */; };
		F259297028C5EA180075E881 /* RequestLogin.swift in Sources */ = {isa = PBXBuildFile; fileRef = F259296F28C5EA180075E881 /* RequestLogin.swift */; };
		F259297228C5EC720075E881 /* ChangeUserInfoService.swift in Sources */ = {isa = PBXBuildFile; fileRef = F259297128C5EC720075E881 /* ChangeUserInfoService.swift */; };
		F26796A3291A4CA400A76EE3 /* LoginView.swift in Sources */ = {isa = PBXBuildFile; fileRef = F26796A2291A4CA400A76EE3 /* LoginView.swift */; };
		F26796A6291A74A400A76EE3 /* SignUpView.swift in Sources */ = {isa = PBXBuildFile; fileRef = F26796A5291A74A400A76EE3 /* SignUpView.swift */; };
		F26796A8291AC60D00A76EE3 /* ResponseUserInfo.swift in Sources */ = {isa = PBXBuildFile; fileRef = F26796A7291AC60D00A76EE3 /* ResponseUserInfo.swift */; };
		F2686D9F291E7B9C0061E60E /* CatalogCollectionViewCell.swift in Sources */ = {isa = PBXBuildFile; fileRef = F2686D9E291E7B9C0061E60E /* CatalogCollectionViewCell.swift */; };
		F27064BD292FAE26005B2228 /* FirebaseAnalytics in Frameworks */ = {isa = PBXBuildFile; productRef = F27064BC292FAE26005B2228 /* FirebaseAnalytics */; };
		F27064BF292FAE26005B2228 /* FirebaseCrashlytics in Frameworks */ = {isa = PBXBuildFile; productRef = F27064BE292FAE26005B2228 /* FirebaseCrashlytics */; };
		F27AEB942921252A00C85746 /* ProductInfoViewController.swift in Sources */ = {isa = PBXBuildFile; fileRef = F27AEB932921252A00C85746 /* ProductInfoViewController.swift */; };
		F27AEB962921254A00C85746 /* ProductInfoView.swift in Sources */ = {isa = PBXBuildFile; fileRef = F27AEB952921254A00C85746 /* ProductInfoView.swift */; };
		F27AEB982921255600C85746 /* ProductInfoInteractor.swift in Sources */ = {isa = PBXBuildFile; fileRef = F27AEB972921255600C85746 /* ProductInfoInteractor.swift */; };
		F27AEB9A2921256700C85746 /* ProductInfoPresenter.swift in Sources */ = {isa = PBXBuildFile; fileRef = F27AEB992921256700C85746 /* ProductInfoPresenter.swift */; };
		F27AEB9C2921258400C85746 /* ProductInfoRouter.swift in Sources */ = {isa = PBXBuildFile; fileRef = F27AEB9B2921258400C85746 /* ProductInfoRouter.swift */; };
		F27AEB9E2921453A00C85746 /* ImageSlider.swift in Sources */ = {isa = PBXBuildFile; fileRef = F27AEB9D2921453A00C85746 /* ImageSlider.swift */; };
		F27CC7822923C46B00B0A0FC /* ProductImageCell.swift in Sources */ = {isa = PBXBuildFile; fileRef = F27CC7812923C46B00B0A0FC /* ProductImageCell.swift */; };
		F27CC7842923D54200B0A0FC /* ProductNameCell.swift in Sources */ = {isa = PBXBuildFile; fileRef = F27CC7832923D54200B0A0FC /* ProductNameCell.swift */; };
		F27CC7862923DBD500B0A0FC /* ProductReviewCell.swift in Sources */ = {isa = PBXBuildFile; fileRef = F27CC7852923DBD500B0A0FC /* ProductReviewCell.swift */; };
		F283847B292B9793003F5062 /* LoginScreenUITests.swift in Sources */ = {isa = PBXBuildFile; fileRef = F283847A292B9793003F5062 /* LoginScreenUITests.swift */; };
		F283B0DB29A5E30C009DAB92 /* ImageLoader.swift in Sources */ = {isa = PBXBuildFile; fileRef = F283B0DA29A5E30C009DAB92 /* ImageLoader.swift */; };
		F283B0E129A61490009DAB92 /* ImageFileCacheProtocol.swift in Sources */ = {isa = PBXBuildFile; fileRef = F283B0E029A61490009DAB92 /* ImageFileCacheProtocol.swift */; };
		F284ECC7291D3F5E00392FE6 /* CatalogViewController.swift in Sources */ = {isa = PBXBuildFile; fileRef = F284ECC6291D3F5E00392FE6 /* CatalogViewController.swift */; };
		F284ECC9291D3F9F00392FE6 /* CatalogRouter.swift in Sources */ = {isa = PBXBuildFile; fileRef = F284ECC8291D3F9F00392FE6 /* CatalogRouter.swift */; };
		F284ECCB291D402E00392FE6 /* CatalogInteractor.swift in Sources */ = {isa = PBXBuildFile; fileRef = F284ECCA291D402E00392FE6 /* CatalogInteractor.swift */; };
		F284ECCD291D40E000392FE6 /* CatalogPresenter.swift in Sources */ = {isa = PBXBuildFile; fileRef = F284ECCC291D40E000392FE6 /* CatalogPresenter.swift */; };
		F284ECCF291D443400392FE6 /* CatalogView.swift in Sources */ = {isa = PBXBuildFile; fileRef = F284ECCE291D443400392FE6 /* CatalogView.swift */; };
		F28915F628BF860600288308 /* DecoderResponse.swift in Sources */ = {isa = PBXBuildFile; fileRef = F28915F528BF860600288308 /* DecoderResponse.swift */; };
		F289160628BFADC100288308 /* RequestUserInfo.swift in Sources */ = {isa = PBXBuildFile; fileRef = F289160528BFADC100288308 /* RequestUserInfo.swift */; };
		F289160D28BFB78500288308 /* LoginInteractor.swift in Sources */ = {isa = PBXBuildFile; fileRef = F289160C28BFB78500288308 /* LoginInteractor.swift */; };
		F289160F28BFB82300288308 /* ResponseLoginModel.swift in Sources */ = {isa = PBXBuildFile; fileRef = F289160E28BFB82300288308 /* ResponseLoginModel.swift */; };
		F28A71332928C99600EFE661 /* OtherProductView.swift in Sources */ = {isa = PBXBuildFile; fileRef = F28A71322928C99600EFE661 /* OtherProductView.swift */; };
		F297190A28C87F4400F05021 /* ResponseCatalogModel.swift in Sources */ = {isa = PBXBuildFile; fileRef = F297190928C87F4400F05021 /* ResponseCatalogModel.swift */; };
		F297190E28C89AA500F05021 /* ResponseProductModel.swift in Sources */ = {isa = PBXBuildFile; fileRef = F297190D28C89AA500F05021 /* ResponseProductModel.swift */; };
		F297191028C89D6B00F05021 /* ProductService.swift in Sources */ = {isa = PBXBuildFile; fileRef = F297190F28C89D6B00F05021 /* ProductService.swift */; };
		F297B8A72924F5BB00A8A090 /* ProductDescriptionCell.swift in Sources */ = {isa = PBXBuildFile; fileRef = F297B8A62924F5BB00A8A090 /* ProductDescriptionCell.swift */; };
		F297B8A92924FA5D00A8A090 /* ProductOtherProductCell.swift in Sources */ = {isa = PBXBuildFile; fileRef = F297B8A82924FA5D00A8A090 /* ProductOtherProductCell.swift */; };
		F2982CA828BB932900D2C53E /* AppDelegate.swift in Sources */ = {isa = PBXBuildFile; fileRef = F2982CA728BB932900D2C53E /* AppDelegate.swift */; };
		F2982CB228BB932900D2C53E /* shop.xcdatamodeld in Sources */ = {isa = PBXBuildFile; fileRef = F2982CB028BB932900D2C53E /* shop.xcdatamodeld */; };
		F2982CB428BB932A00D2C53E /* Assets.xcassets in Resources */ = {isa = PBXBuildFile; fileRef = F2982CB328BB932A00D2C53E /* Assets.xcassets */; };
		F2982CB728BB932A00D2C53E /* LaunchScreen.storyboard in Resources */ = {isa = PBXBuildFile; fileRef = F2982CB528BB932A00D2C53E /* LaunchScreen.storyboard */; };
		F2A237AE2930E8970013C412 /* Analyticable.swift in Sources */ = {isa = PBXBuildFile; fileRef = F2A237AD2930E8970013C412 /* Analyticable.swift */; };
		F2D77A1E290A84270086C408 /* LoginViewController.swift in Sources */ = {isa = PBXBuildFile; fileRef = F2D77A1D290A84270086C408 /* LoginViewController.swift */; };
		F2D77A2E290AA0840086C408 /* Textfield.swift in Sources */ = {isa = PBXBuildFile; fileRef = F2D77A2D290AA0840086C408 /* Textfield.swift */; };
		F2DF2773290FF00C0060AE2B /* LoginPresenter.swift in Sources */ = {isa = PBXBuildFile; fileRef = F2DF2772290FF00C0060AE2B /* LoginPresenter.swift */; };
		F2DF277C291023AD0060AE2B /* LoginRouter.swift in Sources */ = {isa = PBXBuildFile; fileRef = F2DF277B291023AD0060AE2B /* LoginRouter.swift */; };
		F2DF2780291026280060AE2B /* AppModuleBuilder.swift in Sources */ = {isa = PBXBuildFile; fileRef = F2DF277F291026280060AE2B /* AppModuleBuilder.swift */; };
		F2F0EFAB292BC8990046C245 /* AppUITestsKey.swift in Sources */ = {isa = PBXBuildFile; fileRef = F2F0EFA9292BC5E30046C245 /* AppUITestsKey.swift */; };
		F2F0EFAE292BCBEB0046C245 /* AppUITestsKey.swift in Sources */ = {isa = PBXBuildFile; fileRef = F2F0EFA9292BC5E30046C245 /* AppUITestsKey.swift */; };
		F2FC18A628C7500D00E4C20B /* Endpoint.swift in Sources */ = {isa = PBXBuildFile; fileRef = F2FC18A528C7500D00E4C20B /* Endpoint.swift */; };
		F2FD2158290D215C00EFDEC7 /* AppTextfield.swift in Sources */ = {isa = PBXBuildFile; fileRef = F2FD2157290D215C00EFDEC7 /* AppTextfield.swift */; };
		F2FD215A290D347C00EFDEC7 /* AppStyles.swift in Sources */ = {isa = PBXBuildFile; fileRef = F2FD2159290D347C00EFDEC7 /* AppStyles.swift */; };
		F2FD215C290D449900EFDEC7 /* AppButton.swift in Sources */ = {isa = PBXBuildFile; fileRef = F2FD215B290D449900EFDEC7 /* AppButton.swift */; };
/* End PBXBuildFile section */

/* Begin PBXContainerItemProxy section */
		F256DA45292A974E00F3EEF2 /* PBXContainerItemProxy */ = {
			isa = PBXContainerItemProxy;
			containerPortal = F2982C9C28BB932900D2C53E /* Project object */;
			proxyType = 1;
			remoteGlobalIDString = F2982CA328BB932900D2C53E;
			remoteInfo = shop;
		};
/* End PBXContainerItemProxy section */

/* Begin PBXFileReference section */
		F204BB5028BF432400936A62 /* Network.swift */ = {isa = PBXFileReference; lastKnownFileType = sourcecode.swift; path = Network.swift; sourceTree = "<group>"; };
		F204BB5A28BF4E7400936A62 /* NetworkEndpoint.swift */ = {isa = PBXFileReference; lastKnownFileType = sourcecode.swift; path = NetworkEndpoint.swift; sourceTree = "<group>"; };
		F204BB5C28BF61CC00936A62 /* RequestError.swift */ = {isa = PBXFileReference; lastKnownFileType = sourcecode.swift; path = RequestError.swift; sourceTree = "<group>"; };
		F22612A5292CB2C400B6F23F /* BasketViewController.swift */ = {isa = PBXFileReference; lastKnownFileType = sourcecode.swift; path = BasketViewController.swift; sourceTree = "<group>"; };
		F22612A7292CB2D900B6F23F /* BasketView.swift */ = {isa = PBXFileReference; lastKnownFileType = sourcecode.swift; path = BasketView.swift; sourceTree = "<group>"; };
		F22612A9292CB2EA00B6F23F /* BasketInteractor.swift */ = {isa = PBXFileReference; lastKnownFileType = sourcecode.swift; path = BasketInteractor.swift; sourceTree = "<group>"; };
		F22612AB292CB2F800B6F23F /* BasketPresenter.swift */ = {isa = PBXFileReference; lastKnownFileType = sourcecode.swift; path = BasketPresenter.swift; sourceTree = "<group>"; };
		F22612AD292CB30500B6F23F /* BasketRouter.swift */ = {isa = PBXFileReference; lastKnownFileType = sourcecode.swift; path = BasketRouter.swift; sourceTree = "<group>"; };
		F22612B0292CC54000B6F23F /* BasketViewCell.swift */ = {isa = PBXFileReference; lastKnownFileType = sourcecode.swift; path = BasketViewCell.swift; sourceTree = "<group>"; };
		F22612B2292CF64D00B6F23F /* QtView.swift */ = {isa = PBXFileReference; lastKnownFileType = sourcecode.swift; path = QtView.swift; sourceTree = "<group>"; };
		F23A6B64291517FB00C146DB /* AppLabelView.swift */ = {isa = PBXFileReference; lastKnownFileType = sourcecode.swift; path = AppLabelView.swift; sourceTree = "<group>"; };
		F23D98B2292EBB780051C56D /* Int.swift */ = {isa = PBXFileReference; lastKnownFileType = sourcecode.swift; path = Int.swift; sourceTree = "<group>"; };
		F23D98B5292EC03F0051C56D /* PaymentMockViewController.swift */ = {isa = PBXFileReference; lastKnownFileType = sourcecode.swift; path = PaymentMockViewController.swift; sourceTree = "<group>"; };
		F23EB26E28D33DF300392421 /* BasketService.swift */ = {isa = PBXFileReference; lastKnownFileType = sourcecode.swift; path = BasketService.swift; sourceTree = "<group>"; };
		F23EB27128D33EEE00392421 /* ResponseBasketModel.swift */ = {isa = PBXFileReference; lastKnownFileType = sourcecode.swift; path = ResponseBasketModel.swift; sourceTree = "<group>"; };
		F241E5E029202C3900709F7A /* LoadingView.swift */ = {isa = PBXFileReference; lastKnownFileType = sourcecode.swift; path = LoadingView.swift; sourceTree = "<group>"; };
		F244AF1B28D0798800A6ED96 /* ResponseReviewsProductModel.swift */ = {isa = PBXFileReference; lastKnownFileType = sourcecode.swift; path = ResponseReviewsProductModel.swift; sourceTree = "<group>"; };
		F244AF1D28D079A300A6ED96 /* ResponseReviewModel.swift */ = {isa = PBXFileReference; lastKnownFileType = sourcecode.swift; path = ResponseReviewModel.swift; sourceTree = "<group>"; };
		F244AF1F28D083D300A6ED96 /* ReviewsProductService.swift */ = {isa = PBXFileReference; lastKnownFileType = sourcecode.swift; path = ReviewsProductService.swift; sourceTree = "<group>"; };
		F244AF2128D08CD100A6ED96 /* RequestAddReview.swift */ = {isa = PBXFileReference; lastKnownFileType = sourcecode.swift; path = RequestAddReview.swift; sourceTree = "<group>"; };
		F246FCA529112D8A00476A0F /* SignUpViewController.swift */ = {isa = PBXFileReference; lastKnownFileType = sourcecode.swift; path = SignUpViewController.swift; sourceTree = "<group>"; };
		F246FCA7291131EA00476A0F /* SignUpRouter.swift */ = {isa = PBXFileReference; lastKnownFileType = sourcecode.swift; path = SignUpRouter.swift; sourceTree = "<group>"; };
		F246FCA92911321200476A0F /* SignUpInteractor.swift */ = {isa = PBXFileReference; lastKnownFileType = sourcecode.swift; path = SignUpInteractor.swift; sourceTree = "<group>"; };
		F246FCAB2911324D00476A0F /* SignUpPresenter.swift */ = {isa = PBXFileReference; lastKnownFileType = sourcecode.swift; path = SignUpPresenter.swift; sourceTree = "<group>"; };
		F246FCAD291159B300476A0F /* AppTextView.swift */ = {isa = PBXFileReference; lastKnownFileType = sourcecode.swift; path = AppTextView.swift; sourceTree = "<group>"; };
		F246FCAF2911710600476A0F /* AppDataScreen.swift */ = {isa = PBXFileReference; lastKnownFileType = sourcecode.swift; path = AppDataScreen.swift; sourceTree = "<group>"; };
		F24C7B90292FA3450055BA38 /* GoogleService-Info.plist */ = {isa = PBXFileReference; fileEncoding = 4; lastKnownFileType = text.plist.xml; path = "GoogleService-Info.plist"; sourceTree = "<group>"; };
		F253C6EE28CC915500F86E82 /* NetworkErrorModel.swift */ = {isa = PBXFileReference; lastKnownFileType = sourcecode.swift; path = NetworkErrorModel.swift; sourceTree = "<group>"; };
		F256DA3F292A974E00F3EEF2 /* shopUITests.xctest */ = {isa = PBXFileReference; explicitFileType = wrapper.cfbundle; includeInIndex = 0; path = shopUITests.xctest; sourceTree = BUILT_PRODUCTS_DIR; };
		F256DA43292A974E00F3EEF2 /* shopUITestsLaunchTests.swift */ = {isa = PBXFileReference; lastKnownFileType = sourcecode.swift; path = shopUITestsLaunchTests.swift; sourceTree = "<group>"; };
		F258284A2917C17D0070A694 /* String.swift */ = {isa = PBXFileReference; lastKnownFileType = sourcecode.swift; path = String.swift; sourceTree = "<group>"; };
		F259296928C5DFC60075E881 /* ResponseMessageModel.swift */ = {isa = PBXFileReference; lastKnownFileType = sourcecode.swift; path = ResponseMessageModel.swift; sourceTree = "<group>"; };
		F259296B28C5E0040075E881 /* LogoutService.swift */ = {isa = PBXFileReference; lastKnownFileType = sourcecode.swift; path = LogoutService.swift; sourceTree = "<group>"; };
		F259296F28C5EA180075E881 /* RequestLogin.swift */ = {isa = PBXFileReference; fileEncoding = 4; lastKnownFileType = sourcecode.swift; path = RequestLogin.swift; sourceTree = "<group>"; };
		F259297128C5EC720075E881 /* ChangeUserInfoService.swift */ = {isa = PBXFileReference; lastKnownFileType = sourcecode.swift; path = ChangeUserInfoService.swift; sourceTree = "<group>"; };
		F26796A2291A4CA400A76EE3 /* LoginView.swift */ = {isa = PBXFileReference; lastKnownFileType = sourcecode.swift; path = LoginView.swift; sourceTree = "<group>"; };
		F26796A5291A74A400A76EE3 /* SignUpView.swift */ = {isa = PBXFileReference; lastKnownFileType = sourcecode.swift; path = SignUpView.swift; sourceTree = "<group>"; };
		F26796A7291AC60D00A76EE3 /* ResponseUserInfo.swift */ = {isa = PBXFileReference; lastKnownFileType = sourcecode.swift; path = ResponseUserInfo.swift; sourceTree = "<group>"; };
		F2686D9E291E7B9C0061E60E /* CatalogCollectionViewCell.swift */ = {isa = PBXFileReference; lastKnownFileType = sourcecode.swift; path = CatalogCollectionViewCell.swift; sourceTree = "<group>"; };
		F27AEB932921252A00C85746 /* ProductInfoViewController.swift */ = {isa = PBXFileReference; lastKnownFileType = sourcecode.swift; path = ProductInfoViewController.swift; sourceTree = "<group>"; };
		F27AEB952921254A00C85746 /* ProductInfoView.swift */ = {isa = PBXFileReference; lastKnownFileType = sourcecode.swift; path = ProductInfoView.swift; sourceTree = "<group>"; };
		F27AEB972921255600C85746 /* ProductInfoInteractor.swift */ = {isa = PBXFileReference; lastKnownFileType = sourcecode.swift; path = ProductInfoInteractor.swift; sourceTree = "<group>"; };
		F27AEB992921256700C85746 /* ProductInfoPresenter.swift */ = {isa = PBXFileReference; lastKnownFileType = sourcecode.swift; path = ProductInfoPresenter.swift; sourceTree = "<group>"; };
		F27AEB9B2921258400C85746 /* ProductInfoRouter.swift */ = {isa = PBXFileReference; lastKnownFileType = sourcecode.swift; path = ProductInfoRouter.swift; sourceTree = "<group>"; };
		F27AEB9D2921453A00C85746 /* ImageSlider.swift */ = {isa = PBXFileReference; lastKnownFileType = sourcecode.swift; path = ImageSlider.swift; sourceTree = "<group>"; };
		F27CC7812923C46B00B0A0FC /* ProductImageCell.swift */ = {isa = PBXFileReference; lastKnownFileType = sourcecode.swift; name = ProductImageCell.swift; path = Controller/ProductImageCell.swift; sourceTree = "<group>"; };
		F27CC7832923D54200B0A0FC /* ProductNameCell.swift */ = {isa = PBXFileReference; lastKnownFileType = sourcecode.swift; path = ProductNameCell.swift; sourceTree = "<group>"; };
		F27CC7852923DBD500B0A0FC /* ProductReviewCell.swift */ = {isa = PBXFileReference; lastKnownFileType = sourcecode.swift; path = ProductReviewCell.swift; sourceTree = "<group>"; };
		F283847A292B9793003F5062 /* LoginScreenUITests.swift */ = {isa = PBXFileReference; lastKnownFileType = sourcecode.swift; path = LoginScreenUITests.swift; sourceTree = "<group>"; };
		F283B0DA29A5E30C009DAB92 /* ImageLoader.swift */ = {isa = PBXFileReference; lastKnownFileType = sourcecode.swift; path = ImageLoader.swift; sourceTree = "<group>"; };
		F283B0E029A61490009DAB92 /* ImageFileCacheProtocol.swift */ = {isa = PBXFileReference; lastKnownFileType = sourcecode.swift; path = ImageFileCacheProtocol.swift; sourceTree = "<group>"; };
		F284ECC6291D3F5E00392FE6 /* CatalogViewController.swift */ = {isa = PBXFileReference; lastKnownFileType = sourcecode.swift; path = CatalogViewController.swift; sourceTree = "<group>"; };
		F284ECC8291D3F9F00392FE6 /* CatalogRouter.swift */ = {isa = PBXFileReference; lastKnownFileType = sourcecode.swift; path = CatalogRouter.swift; sourceTree = "<group>"; };
		F284ECCA291D402E00392FE6 /* CatalogInteractor.swift */ = {isa = PBXFileReference; lastKnownFileType = sourcecode.swift; path = CatalogInteractor.swift; sourceTree = "<group>"; };
		F284ECCC291D40E000392FE6 /* CatalogPresenter.swift */ = {isa = PBXFileReference; lastKnownFileType = sourcecode.swift; path = CatalogPresenter.swift; sourceTree = "<group>"; };
		F284ECCE291D443400392FE6 /* CatalogView.swift */ = {isa = PBXFileReference; lastKnownFileType = sourcecode.swift; path = CatalogView.swift; sourceTree = "<group>"; };
		F28915F528BF860600288308 /* DecoderResponse.swift */ = {isa = PBXFileReference; lastKnownFileType = sourcecode.swift; path = DecoderResponse.swift; sourceTree = "<group>"; };
		F289160528BFADC100288308 /* RequestUserInfo.swift */ = {isa = PBXFileReference; lastKnownFileType = sourcecode.swift; path = RequestUserInfo.swift; sourceTree = "<group>"; };
		F289160C28BFB78500288308 /* LoginInteractor.swift */ = {isa = PBXFileReference; lastKnownFileType = sourcecode.swift; path = LoginInteractor.swift; sourceTree = "<group>"; };
		F289160E28BFB82300288308 /* ResponseLoginModel.swift */ = {isa = PBXFileReference; lastKnownFileType = sourcecode.swift; path = ResponseLoginModel.swift; sourceTree = "<group>"; };
		F28A71322928C99600EFE661 /* OtherProductView.swift */ = {isa = PBXFileReference; lastKnownFileType = sourcecode.swift; path = OtherProductView.swift; sourceTree = "<group>"; };
		F297190928C87F4400F05021 /* ResponseCatalogModel.swift */ = {isa = PBXFileReference; lastKnownFileType = sourcecode.swift; path = ResponseCatalogModel.swift; sourceTree = "<group>"; };
		F297190D28C89AA500F05021 /* ResponseProductModel.swift */ = {isa = PBXFileReference; lastKnownFileType = sourcecode.swift; path = ResponseProductModel.swift; sourceTree = "<group>"; };
		F297190F28C89D6B00F05021 /* ProductService.swift */ = {isa = PBXFileReference; lastKnownFileType = sourcecode.swift; path = ProductService.swift; sourceTree = "<group>"; };
		F297B8A62924F5BB00A8A090 /* ProductDescriptionCell.swift */ = {isa = PBXFileReference; lastKnownFileType = sourcecode.swift; path = ProductDescriptionCell.swift; sourceTree = "<group>"; };
		F297B8A82924FA5D00A8A090 /* ProductOtherProductCell.swift */ = {isa = PBXFileReference; lastKnownFileType = sourcecode.swift; path = ProductOtherProductCell.swift; sourceTree = "<group>"; };
		F2982CA428BB932900D2C53E /* shop.app */ = {isa = PBXFileReference; explicitFileType = wrapper.application; includeInIndex = 0; path = shop.app; sourceTree = BUILT_PRODUCTS_DIR; };
		F2982CA728BB932900D2C53E /* AppDelegate.swift */ = {isa = PBXFileReference; lastKnownFileType = sourcecode.swift; path = AppDelegate.swift; sourceTree = "<group>"; };
		F2982CB128BB932900D2C53E /* shop.xcdatamodel */ = {isa = PBXFileReference; lastKnownFileType = wrapper.xcdatamodel; path = shop.xcdatamodel; sourceTree = "<group>"; };
		F2982CB328BB932A00D2C53E /* Assets.xcassets */ = {isa = PBXFileReference; lastKnownFileType = folder.assetcatalog; path = Assets.xcassets; sourceTree = "<group>"; };
		F2982CB628BB932A00D2C53E /* Base */ = {isa = PBXFileReference; lastKnownFileType = file.storyboard; name = Base; path = Base.lproj/LaunchScreen.storyboard; sourceTree = "<group>"; };
		F2982CB828BB932A00D2C53E /* Info.plist */ = {isa = PBXFileReference; lastKnownFileType = text.plist.xml; path = Info.plist; sourceTree = "<group>"; };
		F2A237AD2930E8970013C412 /* Analyticable.swift */ = {isa = PBXFileReference; lastKnownFileType = sourcecode.swift; path = Analyticable.swift; sourceTree = "<group>"; };
		F2D77A1D290A84270086C408 /* LoginViewController.swift */ = {isa = PBXFileReference; lastKnownFileType = sourcecode.swift; path = LoginViewController.swift; sourceTree = "<group>"; };
		F2D77A2D290AA0840086C408 /* Textfield.swift */ = {isa = PBXFileReference; lastKnownFileType = sourcecode.swift; path = Textfield.swift; sourceTree = "<group>"; };
		F2DF2772290FF00C0060AE2B /* LoginPresenter.swift */ = {isa = PBXFileReference; lastKnownFileType = sourcecode.swift; path = LoginPresenter.swift; sourceTree = "<group>"; };
		F2DF277B291023AD0060AE2B /* LoginRouter.swift */ = {isa = PBXFileReference; lastKnownFileType = sourcecode.swift; path = LoginRouter.swift; sourceTree = "<group>"; };
		F2DF277F291026280060AE2B /* AppModuleBuilder.swift */ = {isa = PBXFileReference; lastKnownFileType = sourcecode.swift; path = AppModuleBuilder.swift; sourceTree = "<group>"; };
		F2F0EFA9292BC5E30046C245 /* AppUITestsKey.swift */ = {isa = PBXFileReference; lastKnownFileType = sourcecode.swift; path = AppUITestsKey.swift; sourceTree = "<group>"; };
		F2FC18A528C7500D00E4C20B /* Endpoint.swift */ = {isa = PBXFileReference; lastKnownFileType = sourcecode.swift; path = Endpoint.swift; sourceTree = "<group>"; };
		F2FD2157290D215C00EFDEC7 /* AppTextfield.swift */ = {isa = PBXFileReference; lastKnownFileType = sourcecode.swift; path = AppTextfield.swift; sourceTree = "<group>"; };
		F2FD2159290D347C00EFDEC7 /* AppStyles.swift */ = {isa = PBXFileReference; lastKnownFileType = sourcecode.swift; path = AppStyles.swift; sourceTree = "<group>"; };
		F2FD215B290D449900EFDEC7 /* AppButton.swift */ = {isa = PBXFileReference; lastKnownFileType = sourcecode.swift; path = AppButton.swift; sourceTree = "<group>"; };
/* End PBXFileReference section */

/* Begin PBXFrameworksBuildPhase section */
		F256DA3C292A974E00F3EEF2 /* Frameworks */ = {
			isa = PBXFrameworksBuildPhase;
			buildActionMask = 2147483647;
			files = (
			);
			runOnlyForDeploymentPostprocessing = 0;
		};
		F2982CA128BB932900D2C53E /* Frameworks */ = {
			isa = PBXFrameworksBuildPhase;
			buildActionMask = 2147483647;
			files = (
				F27064BD292FAE26005B2228 /* FirebaseAnalytics in Frameworks */,
				F27064BF292FAE26005B2228 /* FirebaseCrashlytics in Frameworks */,
			);
			runOnlyForDeploymentPostprocessing = 0;
		};
/* End PBXFrameworksBuildPhase section */

/* Begin PBXGroup section */
		F204BB4F28BF42F400936A62 /* Network */ = {
			isa = PBXGroup;
			children = (
				F204BB5428BF4DC500936A62 /* Base */,
				F204BB5028BF432400936A62 /* Network.swift */,
				F283B0DC29A61422009DAB92 /* LoaderImage */,
			);
			path = Network;
			sourceTree = "<group>";
		};
		F204BB5428BF4DC500936A62 /* Base */ = {
			isa = PBXGroup;
			children = (
				F204BB5928BF4E6600936A62 /* Endpoint */,
				F204BB5828BF4E4200936A62 /* Request */,
			);
			path = Base;
			sourceTree = "<group>";
		};
		F204BB5828BF4E4200936A62 /* Request */ = {
			isa = PBXGroup;
			children = (
				F204BB5C28BF61CC00936A62 /* RequestError.swift */,
			);
			path = Request;
			sourceTree = "<group>";
		};
		F204BB5928BF4E6600936A62 /* Endpoint */ = {
			isa = PBXGroup;
			children = (
				F2FC18A428C74FFC00E4C20B /* Protocol */,
				F204BB5A28BF4E7400936A62 /* NetworkEndpoint.swift */,
			);
			path = Endpoint;
			sourceTree = "<group>";
		};
		F225758428BBE86B009E23C2 /* App */ = {
			isa = PBXGroup;
			children = (
				F225758828BBE89A009E23C2 /* BusinessLogic */,
				F225758728BBE88E009E23C2 /* Entity */,
				F225758528BBE87C009E23C2 /* Flows */,
				F2982CA728BB932900D2C53E /* AppDelegate.swift */,
			);
			path = App;
			sourceTree = "<group>";
		};
		F225758528BBE87C009E23C2 /* Flows */ = {
			isa = PBXGroup;
			children = (
				F2FD2156290D212E00EFDEC7 /* UI */,
				F2FD2155290D20C900EFDEC7 /* Screens */,
			);
			path = Flows;
			sourceTree = "<group>";
		};
		F225758728BBE88E009E23C2 /* Entity */ = {
			isa = PBXGroup;
			children = (
				F253C6EE28CC915500F86E82 /* NetworkErrorModel.swift */,
				F289160428BFADAB00288308 /* RequestData */,
				F28915F928BF882600288308 /* NetworkResponse */,
			);
			path = Entity;
			sourceTree = "<group>";
		};
		F225758828BBE89A009E23C2 /* BusinessLogic */ = {
			isa = PBXGroup;
			children = (
				F28915FF28BFA07200288308 /* Services */,
			);
			path = BusinessLogic;
			sourceTree = "<group>";
		};
		F225758928BBE8A5009E23C2 /* Core */ = {
			isa = PBXGroup;
			children = (
				F2A237AC2930E84F0013C412 /* Analytics */,
				F2D77A2C290AA0720086C408 /* Extensions */,
				F2DF277E2910260A0060AE2B /* Builder */,
				F28915F428BF85E900288308 /* Parser */,
				F204BB4F28BF42F400936A62 /* Network */,
			);
			path = Core;
			sourceTree = "<group>";
		};
		F225758A28BBE8AE009E23C2 /* Resources */ = {
			isa = PBXGroup;
			children = (
				F2877F652916B31000FE7726 /* Namespace */,
				F2982CB528BB932A00D2C53E /* LaunchScreen.storyboard */,
				F2982CB328BB932A00D2C53E /* Assets.xcassets */,
			);
			path = Resources;
			sourceTree = "<group>";
		};
		F225758B28BBE8B8009E23C2 /* Environments */ = {
			isa = PBXGroup;
			children = (
				F24C7B90292FA3450055BA38 /* GoogleService-Info.plist */,
				F2982CB028BB932900D2C53E /* shop.xcdatamodeld */,
				F2982CB828BB932A00D2C53E /* Info.plist */,
			);
			path = Environments;
			sourceTree = "<group>";
		};
		F226129F292CB21D00B6F23F /* Basket */ = {
			isa = PBXGroup;
			children = (
				F22612A3292CB23C00B6F23F /* Controller */,
				F22612A4292CB24600B6F23F /* View */,
				F22612A1292CB22D00B6F23F /* Interactor */,
				F22612A0292CB22600B6F23F /* Presenter */,
				F22612A2292CB23400B6F23F /* Router */,
			);
			path = Basket;
			sourceTree = "<group>";
		};
		F22612A0292CB22600B6F23F /* Presenter */ = {
			isa = PBXGroup;
			children = (
				F22612AB292CB2F800B6F23F /* BasketPresenter.swift */,
			);
			name = Presenter;
			sourceTree = "<group>";
		};
		F22612A1292CB22D00B6F23F /* Interactor */ = {
			isa = PBXGroup;
			children = (
				F22612A9292CB2EA00B6F23F /* BasketInteractor.swift */,
			);
			path = Interactor;
			sourceTree = "<group>";
		};
		F22612A2292CB23400B6F23F /* Router */ = {
			isa = PBXGroup;
			children = (
				F22612AD292CB30500B6F23F /* BasketRouter.swift */,
			);
			name = Router;
			path = Interactor;
			sourceTree = "<group>";
		};
		F22612A3292CB23C00B6F23F /* Controller */ = {
			isa = PBXGroup;
			children = (
				F22612A5292CB2C400B6F23F /* BasketViewController.swift */,
			);
			name = Controller;
			sourceTree = "<group>";
		};
		F22612A4292CB24600B6F23F /* View */ = {
			isa = PBXGroup;
			children = (
				F22612B0292CC54000B6F23F /* BasketViewCell.swift */,
				F22612A7292CB2D900B6F23F /* BasketView.swift */,
			);
			name = View;
			sourceTree = "<group>";
		};
		F23D98B4292EC0170051C56D /* Payment */ = {
			isa = PBXGroup;
			children = (
				F23D98B5292EC03F0051C56D /* PaymentMockViewController.swift */,
			);
			name = Payment;
			path = Basket;
			sourceTree = "<group>";
		};
		F246FC9A29112CEB00476A0F /* SignUp */ = {
			isa = PBXGroup;
			children = (
				F246FC9B29112CFE00476A0F /* Controller */,
				F26796A4291A748A00A76EE3 /* View */,
				F246FCA429112D6600476A0F /* Interactor */,
				F246FCA029112D3700476A0F /* Presenter */,
				F246FC9D29112D1200476A0F /* Router */,
			);
			path = SignUp;
			sourceTree = "<group>";
		};
		F246FC9B29112CFE00476A0F /* Controller */ = {
			isa = PBXGroup;
			children = (
				F246FCA529112D8A00476A0F /* SignUpViewController.swift */,
			);
			name = Controller;
			sourceTree = "<group>";
		};
		F246FC9D29112D1200476A0F /* Router */ = {
			isa = PBXGroup;
			children = (
				F246FCA7291131EA00476A0F /* SignUpRouter.swift */,
			);
			name = Router;
			sourceTree = "<group>";
		};
		F246FCA029112D3700476A0F /* Presenter */ = {
			isa = PBXGroup;
			children = (
				F246FCAB2911324D00476A0F /* SignUpPresenter.swift */,
			);
			name = Presenter;
			sourceTree = "<group>";
		};
		F246FCA429112D6600476A0F /* Interactor */ = {
			isa = PBXGroup;
			children = (
				F246FCA92911321200476A0F /* SignUpInteractor.swift */,
			);
			path = Interactor;
			sourceTree = "<group>";
		};
		F256DA40292A974E00F3EEF2 /* shopUITests */ = {
			isa = PBXGroup;
			children = (
				F2F0EFAD292BCB1D0046C245 /* Launch keys */,
				F2F0EFAC292BCB060046C245 /* Screens */,
				F256DA43292A974E00F3EEF2 /* shopUITestsLaunchTests.swift */,
			);
			path = shopUITests;
			sourceTree = "<group>";
		};
		F26796A1291A4C8B00A76EE3 /* View */ = {
			isa = PBXGroup;
			children = (
				F26796A2291A4CA400A76EE3 /* LoginView.swift */,
			);
			path = View;
			sourceTree = "<group>";
		};
		F26796A4291A748A00A76EE3 /* View */ = {
			isa = PBXGroup;
			children = (
				F26796A5291A74A400A76EE3 /* SignUpView.swift */,
			);
			name = View;
			sourceTree = "<group>";
		};
		F27AEB8C2921248E00C85746 /* ProductInfo */ = {
			isa = PBXGroup;
			children = (
				F27AEB8F292124AC00C85746 /* Controller */,
				F27AEB92292124D600C85746 /* View */,
				F27AEB90292124B200C85746 /* Interactor */,
				F27AEB8D2921249E00C85746 /* Presenter */,
				F27AEB91292124C400C85746 /* Router */,
			);
			path = ProductInfo;
			sourceTree = "<group>";
		};
		F27AEB8D2921249E00C85746 /* Presenter */ = {
			isa = PBXGroup;
			children = (
				F27AEB992921256700C85746 /* ProductInfoPresenter.swift */,
			);
			name = Presenter;
			sourceTree = "<group>";
		};
		F27AEB8F292124AC00C85746 /* Controller */ = {
			isa = PBXGroup;
			children = (
				F27AEB932921252A00C85746 /* ProductInfoViewController.swift */,
			);
			path = Controller;
			sourceTree = "<group>";
		};
		F27AEB90292124B200C85746 /* Interactor */ = {
			isa = PBXGroup;
			children = (
				F27AEB972921255600C85746 /* ProductInfoInteractor.swift */,
			);
			name = Interactor;
			path = Controller;
			sourceTree = "<group>";
		};
		F27AEB91292124C400C85746 /* Router */ = {
			isa = PBXGroup;
			children = (
				F27AEB9B2921258400C85746 /* ProductInfoRouter.swift */,
			);
			name = Router;
			sourceTree = "<group>";
		};
		F27AEB92292124D600C85746 /* View */ = {
			isa = PBXGroup;
			children = (
				F27CC7802923C41800B0A0FC /* Cells */,
				F27AEB952921254A00C85746 /* ProductInfoView.swift */,
			);
			name = View;
			sourceTree = "<group>";
		};
		F27CC7802923C41800B0A0FC /* Cells */ = {
			isa = PBXGroup;
			children = (
				F27CC7812923C46B00B0A0FC /* ProductImageCell.swift */,
				F27CC7832923D54200B0A0FC /* ProductNameCell.swift */,
				F297B8A62924F5BB00A8A090 /* ProductDescriptionCell.swift */,
				F27CC7852923DBD500B0A0FC /* ProductReviewCell.swift */,
				F297B8A82924FA5D00A8A090 /* ProductOtherProductCell.swift */,
			);
			name = Cells;
			sourceTree = "<group>";
		};
		F283B0DC29A61422009DAB92 /* LoaderImage */ = {
			isa = PBXGroup;
			children = (
				F283B0E029A61490009DAB92 /* ImageFileCacheProtocol.swift */,
				F283B0DA29A5E30C009DAB92 /* ImageLoader.swift */,
			);
			path = LoaderImage;
			sourceTree = "<group>";
		};
		F284ECC0291D3EF000392FE6 /* Catalog */ = {
			isa = PBXGroup;
			children = (
				F284ECC1291D3EF900392FE6 /* Controller */,
				F284ECC2291D3F0300392FE6 /* View */,
				F284ECC3291D3F1600392FE6 /* Interactor */,
				F284ECC5291D3F3900392FE6 /* Presenter */,
				F284ECC4291D3F2A00392FE6 /* Router */,
			);
			path = Catalog;
			sourceTree = "<group>";
		};
		F284ECC1291D3EF900392FE6 /* Controller */ = {
			isa = PBXGroup;
			children = (
				F284ECC6291D3F5E00392FE6 /* CatalogViewController.swift */,
			);
			name = Controller;
			sourceTree = "<group>";
		};
		F284ECC2291D3F0300392FE6 /* View */ = {
			isa = PBXGroup;
			children = (
				F2686D9E291E7B9C0061E60E /* CatalogCollectionViewCell.swift */,
				F284ECCE291D443400392FE6 /* CatalogView.swift */,
			);
			path = View;
			sourceTree = "<group>";
		};
		F284ECC3291D3F1600392FE6 /* Interactor */ = {
			isa = PBXGroup;
			children = (
				F284ECCA291D402E00392FE6 /* CatalogInteractor.swift */,
			);
			name = Interactor;
			sourceTree = "<group>";
		};
		F284ECC4291D3F2A00392FE6 /* Router */ = {
			isa = PBXGroup;
			children = (
				F284ECC8291D3F9F00392FE6 /* CatalogRouter.swift */,
			);
			path = Router;
			sourceTree = "<group>";
		};
		F284ECC5291D3F3900392FE6 /* Presenter */ = {
			isa = PBXGroup;
			children = (
				F284ECCC291D40E000392FE6 /* CatalogPresenter.swift */,
			);
			name = Presenter;
			sourceTree = "<group>";
		};
		F2877F652916B31000FE7726 /* Namespace */ = {
			isa = PBXGroup;
			children = (
				F2FD2159290D347C00EFDEC7 /* AppStyles.swift */,
				F246FCAF2911710600476A0F /* AppDataScreen.swift */,
			);
			path = Namespace;
			sourceTree = "<group>";
		};
		F28915F428BF85E900288308 /* Parser */ = {
			isa = PBXGroup;
			children = (
				F28915F528BF860600288308 /* DecoderResponse.swift */,
			);
			path = Parser;
			sourceTree = "<group>";
		};
		F28915F928BF882600288308 /* NetworkResponse */ = {
			isa = PBXGroup;
			children = (
				F259296928C5DFC60075E881 /* ResponseMessageModel.swift */,
				F289160E28BFB82300288308 /* ResponseLoginModel.swift */,
				F297190928C87F4400F05021 /* ResponseCatalogModel.swift */,
				F297190D28C89AA500F05021 /* ResponseProductModel.swift */,
				F244AF1B28D0798800A6ED96 /* ResponseReviewsProductModel.swift */,
				F244AF1D28D079A300A6ED96 /* ResponseReviewModel.swift */,
				F23EB27128D33EEE00392421 /* ResponseBasketModel.swift */,
				F26796A7291AC60D00A76EE3 /* ResponseUserInfo.swift */,
			);
			path = NetworkResponse;
			sourceTree = "<group>";
		};
		F28915FF28BFA07200288308 /* Services */ = {
			isa = PBXGroup;
			children = (
				F259296B28C5E0040075E881 /* LogoutService.swift */,
				F259297128C5EC720075E881 /* ChangeUserInfoService.swift */,
				F297190F28C89D6B00F05021 /* ProductService.swift */,
				F244AF1F28D083D300A6ED96 /* ReviewsProductService.swift */,
				F23EB26E28D33DF300392421 /* BasketService.swift */,
			);
			path = Services;
			sourceTree = "<group>";
		};
		F289160428BFADAB00288308 /* RequestData */ = {
			isa = PBXGroup;
			children = (
				F259296F28C5EA180075E881 /* RequestLogin.swift */,
				F289160528BFADC100288308 /* RequestUserInfo.swift */,
				F244AF2128D08CD100A6ED96 /* RequestAddReview.swift */,
			);
			path = RequestData;
			sourceTree = "<group>";
		};
		F2982C9B28BB932900D2C53E = {
			isa = PBXGroup;
			children = (
				F2982CA628BB932900D2C53E /* shop */,
				F256DA40292A974E00F3EEF2 /* shopUITests */,
				F2982CA528BB932900D2C53E /* Products */,
			);
			sourceTree = "<group>";
		};
		F2982CA528BB932900D2C53E /* Products */ = {
			isa = PBXGroup;
			children = (
				F2982CA428BB932900D2C53E /* shop.app */,
				F256DA3F292A974E00F3EEF2 /* shopUITests.xctest */,
			);
			name = Products;
			sourceTree = "<group>";
		};
		F2982CA628BB932900D2C53E /* shop */ = {
			isa = PBXGroup;
			children = (
				F225758428BBE86B009E23C2 /* App */,
				F225758928BBE8A5009E23C2 /* Core */,
				F225758A28BBE8AE009E23C2 /* Resources */,
				F225758B28BBE8B8009E23C2 /* Environments */,
			);
			path = shop;
			sourceTree = "<group>";
		};
		F2A237AC2930E84F0013C412 /* Analytics */ = {
			isa = PBXGroup;
			children = (
				F2A237AD2930E8970013C412 /* Analyticable.swift */,
			);
			path = Analytics;
			sourceTree = "<group>";
		};
		F2C5BEAD290BD31400DF7A49 /* Login */ = {
			isa = PBXGroup;
			children = (
				F2DF2776290FF3FF0060AE2B /* Controller */,
				F26796A1291A4C8B00A76EE3 /* View */,
				F2DF277A290FF4230060AE2B /* Interactor */,
				F2DF2778290FF4120060AE2B /* Presenter */,
				F2DF2779290FF4190060AE2B /* Router */,
			);
			path = Login;
			sourceTree = "<group>";
		};
		F2D77A2C290AA0720086C408 /* Extensions */ = {
			isa = PBXGroup;
			children = (
				F2D77A2D290AA0840086C408 /* Textfield.swift */,
				F258284A2917C17D0070A694 /* String.swift */,
				F23D98B2292EBB780051C56D /* Int.swift */,
			);
			path = Extensions;
			sourceTree = "<group>";
		};
		F2DF2776290FF3FF0060AE2B /* Controller */ = {
			isa = PBXGroup;
			children = (
				F2D77A1D290A84270086C408 /* LoginViewController.swift */,
			);
			name = Controller;
			sourceTree = "<group>";
		};
		F2DF2778290FF4120060AE2B /* Presenter */ = {
			isa = PBXGroup;
			children = (
				F2DF2772290FF00C0060AE2B /* LoginPresenter.swift */,
			);
			path = Presenter;
			sourceTree = "<group>";
		};
		F2DF2779290FF4190060AE2B /* Router */ = {
			isa = PBXGroup;
			children = (
				F2DF277B291023AD0060AE2B /* LoginRouter.swift */,
			);
			name = Router;
			sourceTree = "<group>";
		};
		F2DF277A290FF4230060AE2B /* Interactor */ = {
			isa = PBXGroup;
			children = (
				F289160C28BFB78500288308 /* LoginInteractor.swift */,
			);
			path = Interactor;
			sourceTree = "<group>";
		};
		F2DF277E2910260A0060AE2B /* Builder */ = {
			isa = PBXGroup;
			children = (
				F2DF277F291026280060AE2B /* AppModuleBuilder.swift */,
			);
			path = Builder;
			sourceTree = "<group>";
		};
		F2E40D712912773D005726E7 /* Field */ = {
			isa = PBXGroup;
			children = (
				F23A6B64291517FB00C146DB /* AppLabelView.swift */,
				F2FD2157290D215C00EFDEC7 /* AppTextfield.swift */,
				F246FCAD291159B300476A0F /* AppTextView.swift */,
			);
			path = Field;
			sourceTree = "<group>";
		};
		F2F0EFAC292BCB060046C245 /* Screens */ = {
			isa = PBXGroup;
			children = (
				F283847A292B9793003F5062 /* LoginScreenUITests.swift */,
			);
			path = Screens;
			sourceTree = "<group>";
		};
		F2F0EFAD292BCB1D0046C245 /* Launch keys */ = {
			isa = PBXGroup;
			children = (
				F2F0EFA9292BC5E30046C245 /* AppUITestsKey.swift */,
			);
			path = "Launch keys";
			sourceTree = "<group>";
		};
		F2FC18A428C74FFC00E4C20B /* Protocol */ = {
			isa = PBXGroup;
			children = (
				F2FC18A528C7500D00E4C20B /* Endpoint.swift */,
			);
			path = Protocol;
			sourceTree = "<group>";
		};
		F2FD2155290D20C900EFDEC7 /* Screens */ = {
			isa = PBXGroup;
			children = (
				F23D98B4292EC0170051C56D /* Payment */,
				F226129F292CB21D00B6F23F /* Basket */,
				F27AEB8C2921248E00C85746 /* ProductInfo */,
				F284ECC0291D3EF000392FE6 /* Catalog */,
				F246FC9A29112CEB00476A0F /* SignUp */,
				F2C5BEAD290BD31400DF7A49 /* Login */,
			);
			path = Screens;
			sourceTree = "<group>";
		};
		F2FD2156290D212E00EFDEC7 /* UI */ = {
			isa = PBXGroup;
			children = (
				F2E40D712912773D005726E7 /* Field */,
				F2FD215B290D449900EFDEC7 /* AppButton.swift */,
				F241E5E029202C3900709F7A /* LoadingView.swift */,
				F27AEB9D2921453A00C85746 /* ImageSlider.swift */,
				F28A71322928C99600EFE661 /* OtherProductView.swift */,
				F22612B2292CF64D00B6F23F /* QtView.swift */,
			);
			path = UI;
			sourceTree = "<group>";
		};
/* End PBXGroup section */

/* Begin PBXNativeTarget section */
		F256DA3E292A974E00F3EEF2 /* shopUITests */ = {
			isa = PBXNativeTarget;
			buildConfigurationList = F256DA47292A974E00F3EEF2 /* Build configuration list for PBXNativeTarget "shopUITests" */;
			buildPhases = (
				F256DA3B292A974E00F3EEF2 /* Sources */,
				F256DA3C292A974E00F3EEF2 /* Frameworks */,
				F256DA3D292A974E00F3EEF2 /* Resources */,
			);
			buildRules = (
			);
			dependencies = (
				F256DA46292A974E00F3EEF2 /* PBXTargetDependency */,
			);
			name = shopUITests;
			productName = shopUITests;
			productReference = F256DA3F292A974E00F3EEF2 /* shopUITests.xctest */;
			productType = "com.apple.product-type.bundle.ui-testing";
		};
		F2982CA328BB932900D2C53E /* shop */ = {
			isa = PBXNativeTarget;
			buildConfigurationList = F2982CBB28BB932A00D2C53E /* Build configuration list for PBXNativeTarget "shop" */;
			buildPhases = (
				F2982CA028BB932900D2C53E /* Sources */,
				F2982CA128BB932900D2C53E /* Frameworks */,
				F2982CA228BB932900D2C53E /* Resources */,
				F2982CBE28BB952100D2C53E /* ShellScript */,
				F27064C1292FB4AC005B2228 /* ShellScript */,
			);
			buildRules = (
			);
			dependencies = (
			);
			name = shop;
			packageProductDependencies = (
				F27064BC292FAE26005B2228 /* FirebaseAnalytics */,
				F27064BE292FAE26005B2228 /* FirebaseCrashlytics */,
			);
			productName = shop;
			productReference = F2982CA428BB932900D2C53E /* shop.app */;
			productType = "com.apple.product-type.application";
		};
/* End PBXNativeTarget section */

/* Begin PBXProject section */
		F2982C9C28BB932900D2C53E /* Project object */ = {
			isa = PBXProject;
			attributes = {
				BuildIndependentTargetsInParallel = 1;
				LastSwiftUpdateCheck = 1410;
				LastUpgradeCheck = 1340;
				TargetAttributes = {
					F256DA3E292A974E00F3EEF2 = {
						CreatedOnToolsVersion = 14.1;
						TestTargetID = F2982CA328BB932900D2C53E;
					};
					F2982CA328BB932900D2C53E = {
						CreatedOnToolsVersion = 13.4.1;
					};
				};
			};
			buildConfigurationList = F2982C9F28BB932900D2C53E /* Build configuration list for PBXProject "shop" */;
			compatibilityVersion = "Xcode 13.0";
			developmentRegion = en;
			hasScannedForEncodings = 0;
			knownRegions = (
				en,
				Base,
			);
			mainGroup = F2982C9B28BB932900D2C53E;
			packageReferences = (
				F27064BB292FAE26005B2228 /* XCRemoteSwiftPackageReference "firebase-ios-sdk" */,
			);
			productRefGroup = F2982CA528BB932900D2C53E /* Products */;
			projectDirPath = "";
			projectRoot = "";
			targets = (
				F2982CA328BB932900D2C53E /* shop */,
				F256DA3E292A974E00F3EEF2 /* shopUITests */,
			);
		};
/* End PBXProject section */

/* Begin PBXResourcesBuildPhase section */
		F256DA3D292A974E00F3EEF2 /* Resources */ = {
			isa = PBXResourcesBuildPhase;
			buildActionMask = 2147483647;
			files = (
			);
			runOnlyForDeploymentPostprocessing = 0;
		};
		F2982CA228BB932900D2C53E /* Resources */ = {
			isa = PBXResourcesBuildPhase;
			buildActionMask = 2147483647;
			files = (
				F2982CB728BB932A00D2C53E /* LaunchScreen.storyboard in Resources */,
				F2982CB428BB932A00D2C53E /* Assets.xcassets in Resources */,
				F24C7B91292FA3450055BA38 /* GoogleService-Info.plist in Resources */,
			);
			runOnlyForDeploymentPostprocessing = 0;
		};
/* End PBXResourcesBuildPhase section */

/* Begin PBXShellScriptBuildPhase section */
		F27064C1292FB4AC005B2228 /* ShellScript */ = {
			isa = PBXShellScriptBuildPhase;
			buildActionMask = 2147483647;
			files = (
			);
			inputFileListPaths = (
			);
			inputPaths = (
				"${DWARF_DSYM_FOLDER_PATH}/${DWARF_DSYM_FILE_NAME}/Contents/Resources/DWARF/${TARGET_NAME}",
				"$(SRCROOT)/$(BUILT_PRODUCTS_DIR)/$(INFOPLIST_PATH)",
			);
			outputFileListPaths = (
			);
			outputPaths = (
			);
			runOnlyForDeploymentPostprocessing = 0;
			shellPath = /bin/sh;
			shellScript = "${BUILD_DIR%/Build/*}/SourcePackages/checkouts/firebase-ios-sdk/Crashlytics/run\n";
		};
		F2982CBE28BB952100D2C53E /* ShellScript */ = {
			isa = PBXShellScriptBuildPhase;
			buildActionMask = 2147483647;
			files = (
			);
			inputFileListPaths = (
			);
			inputPaths = (
			);
			outputFileListPaths = (
			);
			outputPaths = (
			);
			runOnlyForDeploymentPostprocessing = 0;
			shellPath = /bin/sh;
			shellScript = "# Type a script or drag a script file from your workspace to insert its path.\nexport PATH=\"$PATH:/opt/homebrew/bin\"\nif which swiftlint > /dev/null; then\n  swiftlint\nelse\n  echo \"warning: SwiftLint not installed, download from https://github.com/realm/SwiftLint\"\nfi\n";
		};
/* End PBXShellScriptBuildPhase section */

/* Begin PBXSourcesBuildPhase section */
		F256DA3B292A974E00F3EEF2 /* Sources */ = {
			isa = PBXSourcesBuildPhase;
			buildActionMask = 2147483647;
			files = (
				F256DA44292A974E00F3EEF2 /* shopUITestsLaunchTests.swift in Sources */,
				F2F0EFAB292BC8990046C245 /* AppUITestsKey.swift in Sources */,
				F283847B292B9793003F5062 /* LoginScreenUITests.swift in Sources */,
			);
			runOnlyForDeploymentPostprocessing = 0;
		};
		F2982CA028BB932900D2C53E /* Sources */ = {
			isa = PBXSourcesBuildPhase;
			buildActionMask = 2147483647;
			files = (
				F27CC7822923C46B00B0A0FC /* ProductImageCell.swift in Sources */,
				F246FCA8291131EA00476A0F /* SignUpRouter.swift in Sources */,
				F27CC7842923D54200B0A0FC /* ProductNameCell.swift in Sources */,
				F22612B1292CC54000B6F23F /* BasketViewCell.swift in Sources */,
				F246FCAE291159B300476A0F /* AppTextView.swift in Sources */,
				F258284B2917C17D0070A694 /* String.swift in Sources */,
				F2982CA828BB932900D2C53E /* AppDelegate.swift in Sources */,
				F2D77A1E290A84270086C408 /* LoginViewController.swift in Sources */,
				F289160F28BFB82300288308 /* ResponseLoginModel.swift in Sources */,
				F22612AA292CB2EA00B6F23F /* BasketInteractor.swift in Sources */,
				F23D98B3292EBB780051C56D /* Int.swift in Sources */,
				F2FD215A290D347C00EFDEC7 /* AppStyles.swift in Sources */,
				F289160D28BFB78500288308 /* LoginInteractor.swift in Sources */,
				F2D77A2E290AA0840086C408 /* Textfield.swift in Sources */,
				F283B0E129A61490009DAB92 /* ImageFileCacheProtocol.swift in Sources */,
				F27CC7862923DBD500B0A0FC /* ProductReviewCell.swift in Sources */,
				F204BB5D28BF61CC00936A62 /* RequestError.swift in Sources */,
				F246FCAA2911321200476A0F /* SignUpInteractor.swift in Sources */,
				F22612A6292CB2C400B6F23F /* BasketViewController.swift in Sources */,
				F22612A8292CB2D900B6F23F /* BasketView.swift in Sources */,
				F259297228C5EC720075E881 /* ChangeUserInfoService.swift in Sources */,
				F283B0DB29A5E30C009DAB92 /* ImageLoader.swift in Sources */,
				F27AEB9C2921258400C85746 /* ProductInfoRouter.swift in Sources */,
				F2A237AE2930E8970013C412 /* Analyticable.swift in Sources */,
				F297191028C89D6B00F05021 /* ProductService.swift in Sources */,
				F2FD2158290D215C00EFDEC7 /* AppTextfield.swift in Sources */,
				F2982CB228BB932900D2C53E /* shop.xcdatamodeld in Sources */,
				F284ECCF291D443400392FE6 /* CatalogView.swift in Sources */,
				F284ECC7291D3F5E00392FE6 /* CatalogViewController.swift in Sources */,
				F22612AE292CB30500B6F23F /* BasketRouter.swift in Sources */,
				F253C6EF28CC915500F86E82 /* NetworkErrorModel.swift in Sources */,
				F259296C28C5E0040075E881 /* LogoutService.swift in Sources */,
				F297190E28C89AA500F05021 /* ResponseProductModel.swift in Sources */,
				F23D98B6292EC03F0051C56D /* PaymentMockViewController.swift in Sources */,
				F28A71332928C99600EFE661 /* OtherProductView.swift in Sources */,
				F2DF277C291023AD0060AE2B /* LoginRouter.swift in Sources */,
				F284ECCD291D40E000392FE6 /* CatalogPresenter.swift in Sources */,
				F2686D9F291E7B9C0061E60E /* CatalogCollectionViewCell.swift in Sources */,
				F259296A28C5DFC60075E881 /* ResponseMessageModel.swift in Sources */,
				F27AEB962921254A00C85746 /* ProductInfoView.swift in Sources */,
				F23EB27228D33EEE00392421 /* ResponseBasketModel.swift in Sources */,
				F284ECCB291D402E00392FE6 /* CatalogInteractor.swift in Sources */,
				F2F0EFAE292BCBEB0046C245 /* AppUITestsKey.swift in Sources */,
				F23A6B65291517FB00C146DB /* AppLabelView.swift in Sources */,
				F204BB5B28BF4E7400936A62 /* NetworkEndpoint.swift in Sources */,
				F26796A8291AC60D00A76EE3 /* ResponseUserInfo.swift in Sources */,
				F2FD215C290D449900EFDEC7 /* AppButton.swift in Sources */,
				F244AF1E28D079A300A6ED96 /* ResponseReviewModel.swift in Sources */,
				F289160628BFADC100288308 /* RequestUserInfo.swift in Sources */,
				F246FCB02911710600476A0F /* AppDataScreen.swift in Sources */,
				F27AEB9A2921256700C85746 /* ProductInfoPresenter.swift in Sources */,
				F22612AC292CB2F800B6F23F /* BasketPresenter.swift in Sources */,
				F259297028C5EA180075E881 /* RequestLogin.swift in Sources */,
				F23EB26F28D33DF300392421 /* BasketService.swift in Sources */,
				F244AF1C28D0798800A6ED96 /* ResponseReviewsProductModel.swift in Sources */,
				F2DF2780291026280060AE2B /* AppModuleBuilder.swift in Sources */,
				F27AEB982921255600C85746 /* ProductInfoInteractor.swift in Sources */,
				F26796A6291A74A400A76EE3 /* SignUpView.swift in Sources */,
				F246FCAC2911324D00476A0F /* SignUpPresenter.swift in Sources */,
				F27AEB942921252A00C85746 /* ProductInfoViewController.swift in Sources */,
				F297190A28C87F4400F05021 /* ResponseCatalogModel.swift in Sources */,
				F204BB5128BF432400936A62 /* Network.swift in Sources */,
				F246FCA629112D8A00476A0F /* SignUpViewController.swift in Sources */,
				F26796A3291A4CA400A76EE3 /* LoginView.swift in Sources */,
				F241E5E129202C3900709F7A /* LoadingView.swift in Sources */,
				F244AF2028D083D300A6ED96 /* ReviewsProductService.swift in Sources */,
				F27AEB9E2921453A00C85746 /* ImageSlider.swift in Sources */,
				F244AF2228D08CD100A6ED96 /* RequestAddReview.swift in Sources */,
				F297B8A92924FA5D00A8A090 /* ProductOtherProductCell.swift in Sources */,
				F284ECC9291D3F9F00392FE6 /* CatalogRouter.swift in Sources */,
				F22612B3292CF64D00B6F23F /* QtView.swift in Sources */,
				F297B8A72924F5BB00A8A090 /* ProductDescriptionCell.swift in Sources */,
				F2DF2773290FF00C0060AE2B /* LoginPresenter.swift in Sources */,
				F2FC18A628C7500D00E4C20B /* Endpoint.swift in Sources */,
				F28915F628BF860600288308 /* DecoderResponse.swift in Sources */,
			);
			runOnlyForDeploymentPostprocessing = 0;
		};
/* End PBXSourcesBuildPhase section */

/* Begin PBXTargetDependency section */
		F256DA46292A974E00F3EEF2 /* PBXTargetDependency */ = {
			isa = PBXTargetDependency;
			target = F2982CA328BB932900D2C53E /* shop */;
			targetProxy = F256DA45292A974E00F3EEF2 /* PBXContainerItemProxy */;
		};
/* End PBXTargetDependency section */

/* Begin PBXVariantGroup section */
		F2982CB528BB932A00D2C53E /* LaunchScreen.storyboard */ = {
			isa = PBXVariantGroup;
			children = (
				F2982CB628BB932A00D2C53E /* Base */,
			);
			name = LaunchScreen.storyboard;
			sourceTree = "<group>";
		};
/* End PBXVariantGroup section */

/* Begin XCBuildConfiguration section */
		F256DA48292A974E00F3EEF2 /* Debug */ = {
			isa = XCBuildConfiguration;
			buildSettings = {
				CLANG_CXX_LANGUAGE_STANDARD = "gnu++20";
				CODE_SIGN_STYLE = Automatic;
				CURRENT_PROJECT_VERSION = 1;
				DEVELOPMENT_TEAM = 97UL48L835;
				GENERATE_INFOPLIST_FILE = YES;
				IPHONEOS_DEPLOYMENT_TARGET = 12.0;
				MARKETING_VERSION = 1.0;
				PRODUCT_BUNDLE_IDENTIFIER = com.kermit.the.frog.shopUITests;
				PRODUCT_NAME = "$(TARGET_NAME)";
				SUPPORTED_PLATFORMS = "iphoneos iphonesimulator";
				SUPPORTS_MACCATALYST = NO;
				SUPPORTS_MAC_DESIGNED_FOR_IPHONE_IPAD = NO;
				SWIFT_EMIT_LOC_STRINGS = NO;
				SWIFT_VERSION = 5.0;
				TARGETED_DEVICE_FAMILY = 1;
				TEST_TARGET_NAME = shop;
			};
			name = Debug;
		};
		F256DA49292A974E00F3EEF2 /* Release */ = {
			isa = XCBuildConfiguration;
			buildSettings = {
				CLANG_CXX_LANGUAGE_STANDARD = "gnu++20";
				CODE_SIGN_STYLE = Automatic;
				CURRENT_PROJECT_VERSION = 1;
				DEVELOPMENT_TEAM = 97UL48L835;
				GENERATE_INFOPLIST_FILE = YES;
				IPHONEOS_DEPLOYMENT_TARGET = 12.0;
				MARKETING_VERSION = 1.0;
				PRODUCT_BUNDLE_IDENTIFIER = com.kermit.the.frog.shopUITests;
				PRODUCT_NAME = "$(TARGET_NAME)";
				SUPPORTED_PLATFORMS = "iphoneos iphonesimulator";
				SUPPORTS_MACCATALYST = NO;
				SUPPORTS_MAC_DESIGNED_FOR_IPHONE_IPAD = NO;
				SWIFT_EMIT_LOC_STRINGS = NO;
				SWIFT_VERSION = 5.0;
				TARGETED_DEVICE_FAMILY = 1;
				TEST_TARGET_NAME = shop;
			};
			name = Release;
		};
		F2982CB928BB932A00D2C53E /* Debug */ = {
			isa = XCBuildConfiguration;
			buildSettings = {
				ALWAYS_SEARCH_USER_PATHS = NO;
				CLANG_ANALYZER_NONNULL = YES;
				CLANG_ANALYZER_NUMBER_OBJECT_CONVERSION = YES_AGGRESSIVE;
				CLANG_CXX_LANGUAGE_STANDARD = "gnu++17";
				CLANG_ENABLE_MODULES = YES;
				CLANG_ENABLE_OBJC_ARC = YES;
				CLANG_ENABLE_OBJC_WEAK = YES;
				CLANG_WARN_BLOCK_CAPTURE_AUTORELEASING = YES;
				CLANG_WARN_BOOL_CONVERSION = YES;
				CLANG_WARN_COMMA = YES;
				CLANG_WARN_CONSTANT_CONVERSION = YES;
				CLANG_WARN_DEPRECATED_OBJC_IMPLEMENTATIONS = YES;
				CLANG_WARN_DIRECT_OBJC_ISA_USAGE = YES_ERROR;
				CLANG_WARN_DOCUMENTATION_COMMENTS = YES;
				CLANG_WARN_EMPTY_BODY = YES;
				CLANG_WARN_ENUM_CONVERSION = YES;
				CLANG_WARN_INFINITE_RECURSION = YES;
				CLANG_WARN_INT_CONVERSION = YES;
				CLANG_WARN_NON_LITERAL_NULL_CONVERSION = YES;
				CLANG_WARN_OBJC_IMPLICIT_RETAIN_SELF = YES;
				CLANG_WARN_OBJC_LITERAL_CONVERSION = YES;
				CLANG_WARN_OBJC_ROOT_CLASS = YES_ERROR;
				CLANG_WARN_QUOTED_INCLUDE_IN_FRAMEWORK_HEADER = YES;
				CLANG_WARN_RANGE_LOOP_ANALYSIS = YES;
				CLANG_WARN_STRICT_PROTOTYPES = YES;
				CLANG_WARN_SUSPICIOUS_MOVE = YES;
				CLANG_WARN_UNGUARDED_AVAILABILITY = YES_AGGRESSIVE;
				CLANG_WARN_UNREACHABLE_CODE = YES;
				CLANG_WARN__DUPLICATE_METHOD_MATCH = YES;
				COPY_PHASE_STRIP = NO;
				DEBUG_INFORMATION_FORMAT = "dwarf-with-dsym";
				ENABLE_STRICT_OBJC_MSGSEND = YES;
				ENABLE_TESTABILITY = YES;
				GCC_C_LANGUAGE_STANDARD = gnu11;
				GCC_DYNAMIC_NO_PIC = NO;
				GCC_NO_COMMON_BLOCKS = YES;
				GCC_OPTIMIZATION_LEVEL = 0;
				GCC_PREPROCESSOR_DEFINITIONS = (
					"DEBUG=1",
					"$(inherited)",
				);
				GCC_WARN_64_TO_32_BIT_CONVERSION = YES;
				GCC_WARN_ABOUT_RETURN_TYPE = YES_ERROR;
				GCC_WARN_UNDECLARED_SELECTOR = YES;
				GCC_WARN_UNINITIALIZED_AUTOS = YES_AGGRESSIVE;
				GCC_WARN_UNUSED_FUNCTION = YES;
				GCC_WARN_UNUSED_VARIABLE = YES;
				IPHONEOS_DEPLOYMENT_TARGET = 12.0;
				MTL_ENABLE_DEBUG_INFO = INCLUDE_SOURCE;
				MTL_FAST_MATH = YES;
				ONLY_ACTIVE_ARCH = YES;
				OTHER_SWIFT_FLAGS = "";
				"OTHER_SWIFT_FLAGS[arch=*]" = "-D DEBUG";
				SDKROOT = iphoneos;
				SWIFT_ACTIVE_COMPILATION_CONDITIONS = DEBUG;
				SWIFT_OPTIMIZATION_LEVEL = "-Onone";
			};
			name = Debug;
		};
		F2982CBA28BB932A00D2C53E /* Release */ = {
			isa = XCBuildConfiguration;
			buildSettings = {
				ALWAYS_SEARCH_USER_PATHS = NO;
				CLANG_ANALYZER_NONNULL = YES;
				CLANG_ANALYZER_NUMBER_OBJECT_CONVERSION = YES_AGGRESSIVE;
				CLANG_CXX_LANGUAGE_STANDARD = "gnu++17";
				CLANG_ENABLE_MODULES = YES;
				CLANG_ENABLE_OBJC_ARC = YES;
				CLANG_ENABLE_OBJC_WEAK = YES;
				CLANG_WARN_BLOCK_CAPTURE_AUTORELEASING = YES;
				CLANG_WARN_BOOL_CONVERSION = YES;
				CLANG_WARN_COMMA = YES;
				CLANG_WARN_CONSTANT_CONVERSION = YES;
				CLANG_WARN_DEPRECATED_OBJC_IMPLEMENTATIONS = YES;
				CLANG_WARN_DIRECT_OBJC_ISA_USAGE = YES_ERROR;
				CLANG_WARN_DOCUMENTATION_COMMENTS = YES;
				CLANG_WARN_EMPTY_BODY = YES;
				CLANG_WARN_ENUM_CONVERSION = YES;
				CLANG_WARN_INFINITE_RECURSION = YES;
				CLANG_WARN_INT_CONVERSION = YES;
				CLANG_WARN_NON_LITERAL_NULL_CONVERSION = YES;
				CLANG_WARN_OBJC_IMPLICIT_RETAIN_SELF = YES;
				CLANG_WARN_OBJC_LITERAL_CONVERSION = YES;
				CLANG_WARN_OBJC_ROOT_CLASS = YES_ERROR;
				CLANG_WARN_QUOTED_INCLUDE_IN_FRAMEWORK_HEADER = YES;
				CLANG_WARN_RANGE_LOOP_ANALYSIS = YES;
				CLANG_WARN_STRICT_PROTOTYPES = YES;
				CLANG_WARN_SUSPICIOUS_MOVE = YES;
				CLANG_WARN_UNGUARDED_AVAILABILITY = YES_AGGRESSIVE;
				CLANG_WARN_UNREACHABLE_CODE = YES;
				CLANG_WARN__DUPLICATE_METHOD_MATCH = YES;
				COPY_PHASE_STRIP = NO;
				DEBUG_INFORMATION_FORMAT = "dwarf-with-dsym";
				ENABLE_NS_ASSERTIONS = NO;
				ENABLE_STRICT_OBJC_MSGSEND = YES;
				GCC_C_LANGUAGE_STANDARD = gnu11;
				GCC_NO_COMMON_BLOCKS = YES;
				GCC_WARN_64_TO_32_BIT_CONVERSION = YES;
				GCC_WARN_ABOUT_RETURN_TYPE = YES_ERROR;
				GCC_WARN_UNDECLARED_SELECTOR = YES;
				GCC_WARN_UNINITIALIZED_AUTOS = YES_AGGRESSIVE;
				GCC_WARN_UNUSED_FUNCTION = YES;
				GCC_WARN_UNUSED_VARIABLE = YES;
				IPHONEOS_DEPLOYMENT_TARGET = 12.0;
				MTL_ENABLE_DEBUG_INFO = NO;
				MTL_FAST_MATH = YES;
				"OTHER_SWIFT_FLAGS[arch=*]" = "-D RELEASE";
				SDKROOT = iphoneos;
				SWIFT_COMPILATION_MODE = wholemodule;
				SWIFT_OPTIMIZATION_LEVEL = "-O";
				VALIDATE_PRODUCT = YES;
			};
			name = Release;
		};
		F2982CBC28BB932A00D2C53E /* Debug */ = {
			isa = XCBuildConfiguration;
			buildSettings = {
				ASSETCATALOG_COMPILER_APPICON_NAME = AppIcon;
				ASSETCATALOG_COMPILER_GLOBAL_ACCENT_COLOR_NAME = AccentColor;
				CODE_SIGN_STYLE = Automatic;
				CURRENT_PROJECT_VERSION = 1;
				DEVELOPMENT_TEAM = 97UL48L835;
				GENERATE_INFOPLIST_FILE = YES;
				INFOPLIST_FILE = shop/Environments/Info.plist;
				INFOPLIST_KEY_UIApplicationSupportsIndirectInputEvents = YES;
				INFOPLIST_KEY_UILaunchStoryboardName = LaunchScreen;
				INFOPLIST_KEY_UIStatusBarStyle = "";
				INFOPLIST_KEY_UISupportedInterfaceOrientations = UIInterfaceOrientationPortrait;
				LD_RUNPATH_SEARCH_PATHS = (
					"$(inherited)",
					"@executable_path/Frameworks",
				);
				MARKETING_VERSION = 1.0;
				PRODUCT_BUNDLE_IDENTIFIER = com.kermit.the.frog.shop;
				PRODUCT_NAME = "$(TARGET_NAME)";
				SUPPORTED_PLATFORMS = "iphoneos iphonesimulator";
				SUPPORTS_MACCATALYST = NO;
				SUPPORTS_MAC_DESIGNED_FOR_IPHONE_IPAD = NO;
				SWIFT_EMIT_LOC_STRINGS = YES;
				SWIFT_VERSION = 5.0;
				TARGETED_DEVICE_FAMILY = 1;
			};
			name = Debug;
		};
		F2982CBD28BB932A00D2C53E /* Release */ = {
			isa = XCBuildConfiguration;
			buildSettings = {
				ASSETCATALOG_COMPILER_APPICON_NAME = AppIcon;
				ASSETCATALOG_COMPILER_GLOBAL_ACCENT_COLOR_NAME = AccentColor;
				CODE_SIGN_STYLE = Automatic;
				CURRENT_PROJECT_VERSION = 1;
				DEVELOPMENT_TEAM = 97UL48L835;
				GENERATE_INFOPLIST_FILE = YES;
				INFOPLIST_FILE = shop/Environments/Info.plist;
				INFOPLIST_KEY_UIApplicationSupportsIndirectInputEvents = YES;
				INFOPLIST_KEY_UILaunchStoryboardName = LaunchScreen;
				INFOPLIST_KEY_UIStatusBarStyle = "";
				INFOPLIST_KEY_UISupportedInterfaceOrientations = UIInterfaceOrientationPortrait;
				LD_RUNPATH_SEARCH_PATHS = (
					"$(inherited)",
					"@executable_path/Frameworks",
				);
				MARKETING_VERSION = 1.0;
				PRODUCT_BUNDLE_IDENTIFIER = com.kermit.the.frog.shop;
				PRODUCT_NAME = "$(TARGET_NAME)";
				SUPPORTED_PLATFORMS = "iphoneos iphonesimulator";
				SUPPORTS_MACCATALYST = NO;
				SUPPORTS_MAC_DESIGNED_FOR_IPHONE_IPAD = NO;
				SWIFT_EMIT_LOC_STRINGS = YES;
				SWIFT_VERSION = 5.0;
				TARGETED_DEVICE_FAMILY = 1;
			};
			name = Release;
		};
/* End XCBuildConfiguration section */

/* Begin XCConfigurationList section */
		F256DA47292A974E00F3EEF2 /* Build configuration list for PBXNativeTarget "shopUITests" */ = {
			isa = XCConfigurationList;
			buildConfigurations = (
				F256DA48292A974E00F3EEF2 /* Debug */,
				F256DA49292A974E00F3EEF2 /* Release */,
			);
			defaultConfigurationIsVisible = 0;
			defaultConfigurationName = Release;
		};
		F2982C9F28BB932900D2C53E /* Build configuration list for PBXProject "shop" */ = {
			isa = XCConfigurationList;
			buildConfigurations = (
				F2982CB928BB932A00D2C53E /* Debug */,
				F2982CBA28BB932A00D2C53E /* Release */,
			);
			defaultConfigurationIsVisible = 0;
			defaultConfigurationName = Release;
		};
		F2982CBB28BB932A00D2C53E /* Build configuration list for PBXNativeTarget "shop" */ = {
			isa = XCConfigurationList;
			buildConfigurations = (
				F2982CBC28BB932A00D2C53E /* Debug */,
				F2982CBD28BB932A00D2C53E /* Release */,
			);
			defaultConfigurationIsVisible = 0;
			defaultConfigurationName = Release;
		};
/* End XCConfigurationList section */

/* Begin XCRemoteSwiftPackageReference section */
		F27064BB292FAE26005B2228 /* XCRemoteSwiftPackageReference "firebase-ios-sdk" */ = {
			isa = XCRemoteSwiftPackageReference;
			repositoryURL = "https://github.com/firebase/firebase-ios-sdk";
			requirement = {
				kind = upToNextMajorVersion;
				minimumVersion = 9.0.0;
			};
		};
/* End XCRemoteSwiftPackageReference section */

/* Begin XCSwiftPackageProductDependency section */
		F27064BC292FAE26005B2228 /* FirebaseAnalytics */ = {
			isa = XCSwiftPackageProductDependency;
			package = F27064BB292FAE26005B2228 /* XCRemoteSwiftPackageReference "firebase-ios-sdk" */;
			productName = FirebaseAnalytics;
		};
		F27064BE292FAE26005B2228 /* FirebaseCrashlytics */ = {
			isa = XCSwiftPackageProductDependency;
			package = F27064BB292FAE26005B2228 /* XCRemoteSwiftPackageReference "firebase-ios-sdk" */;
			productName = FirebaseCrashlytics;
		};
/* End XCSwiftPackageProductDependency section */

/* Begin XCVersionGroup section */
		F2982CB028BB932900D2C53E /* shop.xcdatamodeld */ = {
			isa = XCVersionGroup;
			children = (
				F2982CB128BB932900D2C53E /* shop.xcdatamodel */,
			);
			currentVersion = F2982CB128BB932900D2C53E /* shop.xcdatamodel */;
			path = shop.xcdatamodeld;
			sourceTree = "<group>";
			versionGroupType = wrapper.xcdatamodel;
		};
/* End XCVersionGroup section */
	};
	rootObject = F2982C9C28BB932900D2C53E /* Project object */;
}
